
Microsoft Visual Studio Solution File, Format Version 12.00
# Visual Studio Version 17
VisualStudioVersion = 17.0.31903.59
MinimumVisualStudioVersion = 10.0.40219.1
Project("{FAE04EC0-301F-11D3-BF4B-00C04F79EFBC}") = "HelloWorld", "00_HelloWorld\HelloWorld.csproj", "{9A3A405B-68F8-480E-BFDB-1B94471635FA}"
EndProject
Project("{FAE04EC0-301F-11D3-BF4B-00C04F79EFBC}") = "Variables", "01_Variables\Variables.csproj", "{048DC9C8-D181-4DCB-8548-96658A5FE910}"
EndProject
Project("{FAE04EC0-301F-11D3-BF4B-00C04F79EFBC}") = "BasicTypes", "02_Types\BasicTypes.csproj", "{0303A1F5-874E-419E-A1E1-45FA8916BA3A}"
EndProject
Project("{FAE04EC0-301F-11D3-BF4B-00C04F79EFBC}") = "02_Types_Challenges", "02_Types_Challenges\02_Types_Challenges.csproj", "{7BCFA20F-1538-445D-8622-3ACF056B1EC9}"
EndProject
Project("{FAE04EC0-301F-11D3-BF4B-00C04F79EFBC}") = "Operators", "03_Operators\Operators.csproj", "{FB253A2F-1EE2-481C-B066-DCAF5D639E21}"
EndProject
Project("{FAE04EC0-301F-11D3-BF4B-00C04F79EFBC}") = "Strings", "04_Strings\Strings.csproj", "{DDDB9082-FB15-415D-B131-F0AE70CC71D6}"
EndProject
Project("{FAE04EC0-301F-11D3-BF4B-00C04F79EFBC}") = "Booleans", "05_Booleans\Booleans.csproj", "{B548078B-C413-46D7-A63A-4CB87E639E14}"
EndProject
Project("{2150E333-8FDC-42A3-9474-1A3956D46DE8}") = "06_Conditionals", "06_Conditionals", "{6EE0DD38-7A74-4EAF-8CCF-7B93254D1B50}"
EndProject
Project("{FAE04EC0-301F-11D3-BF4B-00C04F79EFBC}") = "IfStatements", "06_Conditionals\IfStatements\IfStatements.csproj", "{EFBCAA2F-D9A9-4DAA-BE5B-B40B7E67AB15}"
EndProject
Project("{FAE04EC0-301F-11D3-BF4B-00C04F79EFBC}") = "Ternaries", "06_Conditionals\Ternaries\Ternaries.csproj", "{36990722-11B3-4620-8E04-B35352D2303C}"
EndProject
Project("{FAE04EC0-301F-11D3-BF4B-00C04F79EFBC}") = "Switches", "06_Conditionals\Switches\Switches.csproj", "{9B233882-169A-4D00-806B-CC541AF5EB0E}"
EndProject
Project("{FAE04EC0-301F-11D3-BF4B-00C04F79EFBC}") = "Exercise", "06_Conditionals\Exercise\Exercise.csproj", "{4A278E22-18CB-4BAF-B4D2-A701059A1875}"
EndProject
Project("{FAE04EC0-301F-11D3-BF4B-00C04F79EFBC}") = "Classes", "08_Classes\Classes.csproj", "{0832560E-9A08-43F4-A1AE-ACEDBB965A93}"
EndProject
Project("{FAE04EC0-301F-11D3-BF4B-00C04F79EFBC}") = "ClassWithProperty", "Challanges\001_ChallangeClassWProperty\ClassWithProperty.csproj", "{FAB8AF59-7AAA-4E2F-BEF5-BB29B02FC078}"
EndProject
Project("{FAE04EC0-301F-11D3-BF4B-00C04F79EFBC}") = "ConditionalsLoops", "Challanges\002_ChallangeConditionalsLoops\ConditionalsLoops.csproj", "{C525879A-8E0B-4624-9B3C-A2CA01D62826}"
EndProject
Project("{FAE04EC0-301F-11D3-BF4B-00C04F79EFBC}") = "Calculator", "Challanges\003_ChallangeCalculator\Calculator.csproj", "{B2BB7401-69C0-4CDB-87A9-058065AC248F}"
EndProject
Project("{2150E333-8FDC-42A3-9474-1A3956D46DE8}") = "Challanges", "Challanges", "{C04D7465-9084-403B-B85B-3B6861FA418A}"
EndProject
Project("{FAE04EC0-301F-11D3-BF4B-00C04F79EFBC}") = "VehicleClass", "Challanges\VehicleClass\VehicleClass.csproj", "{0E1BF580-BE60-4D16-9561-A1472E3420CC}"
EndProject
Project("{FAE04EC0-301F-11D3-BF4B-00C04F79EFBC}") = "005_DrofsnarTheBird-Man", "challanges\005_DrofsnarTheBird-Man\005_DrofsnarTheBird-Man.csproj", "{FA8640DE-67BE-435E-903A-3F356A553967}"
EndProject
Project("{FAE04EC0-301F-11D3-BF4B-00C04F79EFBC}") = "RepositoryPattern", "09_RepositoryPattern\RepositoryPattern.csproj", "{B4B390B1-07B0-42FC-ADE5-25BBC1DD7C40}"
EndProject
Project("{2150E333-8FDC-42A3-9474-1A3956D46DE8}") = "07_Loops", "07_Loops", "{F34D8640-1803-488F-9830-936AFF19676D}"
EndProject
Project("{FAE04EC0-301F-11D3-BF4B-00C04F79EFBC}") = "WhileLoops", "07_Loops\While\WhileLoops.csproj", "{CE9D2229-A21F-4DC6-82C6-B97E02CF09EA}"
EndProject
Project("{FAE04EC0-301F-11D3-BF4B-00C04F79EFBC}") = "ForLoops", "07_Loops\For\ForLoops.csproj", "{D8A0A2CB-8307-4FB2-89F8-A412DD53BA2E}"
EndProject
Global
	GlobalSection(SolutionConfigurationPlatforms) = preSolution
		Debug|Any CPU = Debug|Any CPU
		Release|Any CPU = Release|Any CPU
	EndGlobalSection
	GlobalSection(SolutionProperties) = preSolution
		HideSolutionNode = FALSE
	EndGlobalSection
	GlobalSection(ProjectConfigurationPlatforms) = postSolution
		{9A3A405B-68F8-480E-BFDB-1B94471635FA}.Debug|Any CPU.ActiveCfg = Debug|Any CPU
		{9A3A405B-68F8-480E-BFDB-1B94471635FA}.Debug|Any CPU.Build.0 = Debug|Any CPU
		{9A3A405B-68F8-480E-BFDB-1B94471635FA}.Release|Any CPU.ActiveCfg = Release|Any CPU
		{9A3A405B-68F8-480E-BFDB-1B94471635FA}.Release|Any CPU.Build.0 = Release|Any CPU
		{048DC9C8-D181-4DCB-8548-96658A5FE910}.Debug|Any CPU.ActiveCfg = Debug|Any CPU
		{048DC9C8-D181-4DCB-8548-96658A5FE910}.Debug|Any CPU.Build.0 = Debug|Any CPU
		{048DC9C8-D181-4DCB-8548-96658A5FE910}.Release|Any CPU.ActiveCfg = Release|Any CPU
		{048DC9C8-D181-4DCB-8548-96658A5FE910}.Release|Any CPU.Build.0 = Release|Any CPU
		{0303A1F5-874E-419E-A1E1-45FA8916BA3A}.Debug|Any CPU.ActiveCfg = Debug|Any CPU
		{0303A1F5-874E-419E-A1E1-45FA8916BA3A}.Debug|Any CPU.Build.0 = Debug|Any CPU
		{0303A1F5-874E-419E-A1E1-45FA8916BA3A}.Release|Any CPU.ActiveCfg = Release|Any CPU
		{0303A1F5-874E-419E-A1E1-45FA8916BA3A}.Release|Any CPU.Build.0 = Release|Any CPU
		{7BCFA20F-1538-445D-8622-3ACF056B1EC9}.Debug|Any CPU.ActiveCfg = Debug|Any CPU
		{7BCFA20F-1538-445D-8622-3ACF056B1EC9}.Debug|Any CPU.Build.0 = Debug|Any CPU
		{7BCFA20F-1538-445D-8622-3ACF056B1EC9}.Release|Any CPU.ActiveCfg = Release|Any CPU
		{7BCFA20F-1538-445D-8622-3ACF056B1EC9}.Release|Any CPU.Build.0 = Release|Any CPU
		{FB253A2F-1EE2-481C-B066-DCAF5D639E21}.Debug|Any CPU.ActiveCfg = Debug|Any CPU
		{FB253A2F-1EE2-481C-B066-DCAF5D639E21}.Debug|Any CPU.Build.0 = Debug|Any CPU
		{FB253A2F-1EE2-481C-B066-DCAF5D639E21}.Release|Any CPU.ActiveCfg = Release|Any CPU
		{FB253A2F-1EE2-481C-B066-DCAF5D639E21}.Release|Any CPU.Build.0 = Release|Any CPU
		{DDDB9082-FB15-415D-B131-F0AE70CC71D6}.Debug|Any CPU.ActiveCfg = Debug|Any CPU
		{DDDB9082-FB15-415D-B131-F0AE70CC71D6}.Debug|Any CPU.Build.0 = Debug|Any CPU
		{DDDB9082-FB15-415D-B131-F0AE70CC71D6}.Release|Any CPU.ActiveCfg = Release|Any CPU
		{DDDB9082-FB15-415D-B131-F0AE70CC71D6}.Release|Any CPU.Build.0 = Release|Any CPU
		{B548078B-C413-46D7-A63A-4CB87E639E14}.Debug|Any CPU.ActiveCfg = Debug|Any CPU
		{B548078B-C413-46D7-A63A-4CB87E639E14}.Debug|Any CPU.Build.0 = Debug|Any CPU
		{B548078B-C413-46D7-A63A-4CB87E639E14}.Release|Any CPU.ActiveCfg = Release|Any CPU
		{B548078B-C413-46D7-A63A-4CB87E639E14}.Release|Any CPU.Build.0 = Release|Any CPU
		{EFBCAA2F-D9A9-4DAA-BE5B-B40B7E67AB15}.Debug|Any CPU.ActiveCfg = Debug|Any CPU
		{EFBCAA2F-D9A9-4DAA-BE5B-B40B7E67AB15}.Debug|Any CPU.Build.0 = Debug|Any CPU
		{EFBCAA2F-D9A9-4DAA-BE5B-B40B7E67AB15}.Release|Any CPU.ActiveCfg = Release|Any CPU
		{EFBCAA2F-D9A9-4DAA-BE5B-B40B7E67AB15}.Release|Any CPU.Build.0 = Release|Any CPU
		{36990722-11B3-4620-8E04-B35352D2303C}.Debug|Any CPU.ActiveCfg = Debug|Any CPU
		{36990722-11B3-4620-8E04-B35352D2303C}.Debug|Any CPU.Build.0 = Debug|Any CPU
		{36990722-11B3-4620-8E04-B35352D2303C}.Release|Any CPU.ActiveCfg = Release|Any CPU
		{36990722-11B3-4620-8E04-B35352D2303C}.Release|Any CPU.Build.0 = Release|Any CPU
		{9B233882-169A-4D00-806B-CC541AF5EB0E}.Debug|Any CPU.ActiveCfg = Debug|Any CPU
		{9B233882-169A-4D00-806B-CC541AF5EB0E}.Debug|Any CPU.Build.0 = Debug|Any CPU
		{9B233882-169A-4D00-806B-CC541AF5EB0E}.Release|Any CPU.ActiveCfg = Release|Any CPU
		{9B233882-169A-4D00-806B-CC541AF5EB0E}.Release|Any CPU.Build.0 = Release|Any CPU
		{4A278E22-18CB-4BAF-B4D2-A701059A1875}.Debug|Any CPU.ActiveCfg = Debug|Any CPU
		{4A278E22-18CB-4BAF-B4D2-A701059A1875}.Debug|Any CPU.Build.0 = Debug|Any CPU
		{4A278E22-18CB-4BAF-B4D2-A701059A1875}.Release|Any CPU.ActiveCfg = Release|Any CPU
		{4A278E22-18CB-4BAF-B4D2-A701059A1875}.Release|Any CPU.Build.0 = Release|Any CPU
		{0832560E-9A08-43F4-A1AE-ACEDBB965A93}.Debug|Any CPU.ActiveCfg = Debug|Any CPU
		{0832560E-9A08-43F4-A1AE-ACEDBB965A93}.Debug|Any CPU.Build.0 = Debug|Any CPU
		{0832560E-9A08-43F4-A1AE-ACEDBB965A93}.Release|Any CPU.ActiveCfg = Release|Any CPU
		{0832560E-9A08-43F4-A1AE-ACEDBB965A93}.Release|Any CPU.Build.0 = Release|Any CPU
		{FAB8AF59-7AAA-4E2F-BEF5-BB29B02FC078}.Debug|Any CPU.ActiveCfg = Debug|Any CPU
		{FAB8AF59-7AAA-4E2F-BEF5-BB29B02FC078}.Debug|Any CPU.Build.0 = Debug|Any CPU
		{FAB8AF59-7AAA-4E2F-BEF5-BB29B02FC078}.Release|Any CPU.ActiveCfg = Release|Any CPU
		{FAB8AF59-7AAA-4E2F-BEF5-BB29B02FC078}.Release|Any CPU.Build.0 = Release|Any CPU
		{C525879A-8E0B-4624-9B3C-A2CA01D62826}.Debug|Any CPU.ActiveCfg = Debug|Any CPU
		{C525879A-8E0B-4624-9B3C-A2CA01D62826}.Debug|Any CPU.Build.0 = Debug|Any CPU
		{C525879A-8E0B-4624-9B3C-A2CA01D62826}.Release|Any CPU.ActiveCfg = Release|Any CPU
		{C525879A-8E0B-4624-9B3C-A2CA01D62826}.Release|Any CPU.Build.0 = Release|Any CPU
		{B2BB7401-69C0-4CDB-87A9-058065AC248F}.Debug|Any CPU.ActiveCfg = Debug|Any CPU
		{B2BB7401-69C0-4CDB-87A9-058065AC248F}.Debug|Any CPU.Build.0 = Debug|Any CPU
		{B2BB7401-69C0-4CDB-87A9-058065AC248F}.Release|Any CPU.ActiveCfg = Release|Any CPU
		{B2BB7401-69C0-4CDB-87A9-058065AC248F}.Release|Any CPU.Build.0 = Release|Any CPU
		{0E1BF580-BE60-4D16-9561-A1472E3420CC}.Debug|Any CPU.ActiveCfg = Debug|Any CPU
		{0E1BF580-BE60-4D16-9561-A1472E3420CC}.Debug|Any CPU.Build.0 = Debug|Any CPU
		{0E1BF580-BE60-4D16-9561-A1472E3420CC}.Release|Any CPU.ActiveCfg = Release|Any CPU
		{0E1BF580-BE60-4D16-9561-A1472E3420CC}.Release|Any CPU.Build.0 = Release|Any CPU
		{FA8640DE-67BE-435E-903A-3F356A553967}.Debug|Any CPU.ActiveCfg = Debug|Any CPU
		{FA8640DE-67BE-435E-903A-3F356A553967}.Debug|Any CPU.Build.0 = Debug|Any CPU
		{FA8640DE-67BE-435E-903A-3F356A553967}.Release|Any CPU.ActiveCfg = Release|Any CPU
		{FA8640DE-67BE-435E-903A-3F356A553967}.Release|Any CPU.Build.0 = Release|Any CPU
		{B4B390B1-07B0-42FC-ADE5-25BBC1DD7C40}.Debug|Any CPU.ActiveCfg = Debug|Any CPU
		{B4B390B1-07B0-42FC-ADE5-25BBC1DD7C40}.Debug|Any CPU.Build.0 = Debug|Any CPU
		{B4B390B1-07B0-42FC-ADE5-25BBC1DD7C40}.Release|Any CPU.ActiveCfg = Release|Any CPU
		{B4B390B1-07B0-42FC-ADE5-25BBC1DD7C40}.Release|Any CPU.Build.0 = Release|Any CPU
		{CE9D2229-A21F-4DC6-82C6-B97E02CF09EA}.Debug|Any CPU.ActiveCfg = Debug|Any CPU
		{CE9D2229-A21F-4DC6-82C6-B97E02CF09EA}.Debug|Any CPU.Build.0 = Debug|Any CPU
		{CE9D2229-A21F-4DC6-82C6-B97E02CF09EA}.Release|Any CPU.ActiveCfg = Release|Any CPU
		{CE9D2229-A21F-4DC6-82C6-B97E02CF09EA}.Release|Any CPU.Build.0 = Release|Any CPU
		{D8A0A2CB-8307-4FB2-89F8-A412DD53BA2E}.Debug|Any CPU.ActiveCfg = Debug|Any CPU
		{D8A0A2CB-8307-4FB2-89F8-A412DD53BA2E}.Debug|Any CPU.Build.0 = Debug|Any CPU
		{D8A0A2CB-8307-4FB2-89F8-A412DD53BA2E}.Release|Any CPU.ActiveCfg = Release|Any CPU
		{D8A0A2CB-8307-4FB2-89F8-A412DD53BA2E}.Release|Any CPU.Build.0 = Release|Any CPU
	EndGlobalSection
	GlobalSection(NestedProjects) = preSolution
		{EFBCAA2F-D9A9-4DAA-BE5B-B40B7E67AB15} = {6EE0DD38-7A74-4EAF-8CCF-7B93254D1B50}
		{36990722-11B3-4620-8E04-B35352D2303C} = {6EE0DD38-7A74-4EAF-8CCF-7B93254D1B50}
		{9B233882-169A-4D00-806B-CC541AF5EB0E} = {6EE0DD38-7A74-4EAF-8CCF-7B93254D1B50}
		{0E1BF580-BE60-4D16-9561-A1472E3420CC} = {C04D7465-9084-403B-B85B-3B6861FA418A}
		{FA8640DE-67BE-435E-903A-3F356A553967} = {C04D7465-9084-403B-B85B-3B6861FA418A}
		{CE9D2229-A21F-4DC6-82C6-B97E02CF09EA} = {F34D8640-1803-488F-9830-936AFF19676D}
		{D8A0A2CB-8307-4FB2-89F8-A412DD53BA2E} = {F34D8640-1803-488F-9830-936AFF19676D}
	EndGlobalSection
EndGlobal
